
Microsoft Visual Studio Solution File, Format Version 12.00
# Visual Studio Version 16
VisualStudioVersion = 16.0.30523.141
MinimumVisualStudioVersion = 10.0.40219.1
Project("{FAE04EC0-301F-11D3-BF4B-00C04F79EFBC}") = "Veteranhelp", "Sasasaa\Veteranhelp.csproj", "{5AAE1A4A-C3C7-4B05-9994-7F0F132C1C0E}"
EndProject
Global
	GlobalSection(SolutionConfigurationPlatforms) = preSolution
		Debug|Any CPU = Debug|Any CPU
		Release|Any CPU = Release|Any CPU
	EndGlobalSection
	GlobalSection(ProjectConfigurationPlatforms) = postSolution
		{5AAE1A4A-C3C7-4B05-9994-7F0F132C1C0E}.Debug|Any CPU.ActiveCfg = Debug|Any CPU
		{5AAE1A4A-C3C7-4B05-9994-7F0F132C1C0E}.Debug|Any CPU.Build.0 = Debug|Any CPU
		{5AAE1A4A-C3C7-4B05-9994-7F0F132C1C0E}.Release|Any CPU.ActiveCfg = Release|Any CPU
		{5AAE1A4A-C3C7-4B05-9994-7F0F132C1C0E}.Release|Any CPU.Build.0 = Release|Any CPU
	EndGlobalSection
	GlobalSection(SolutionProperties) = preSolution
		HideSolutionNode = FALSE
	EndGlobalSection
	GlobalSection(ExtensibilityGlobals) = postSolution
		SolutionGuid = {3BB5B7C4-828B-42A2-AC9E-B5A154191B55}
	EndGlobalSection
EndGlobal
